// !$*UTF8*$!
{
	archiveVersion = 1;
	classes = {
	};
	objectVersion = 46;
	objects = {

/* Begin PBXBuildFile section */
		B728368D1AC9BC63002E106D /* ViewController2.m in Sources */ = {isa = PBXBuildFile; fileRef = B728368C1AC9BC63002E106D /* ViewController2.m */; };
		B7F413461AC5D5A3003D8474 /* TableViewController.m in Sources */ = {isa = PBXBuildFile; fileRef = B7F413451AC5D5A3003D8474 /* TableViewController.m */; };
		B7F413491AC5DB15003D8474 /* ThumbDown.jpg in Resources */ = {isa = PBXBuildFile; fileRef = B7F413471AC5DB15003D8474 /* ThumbDown.jpg */; };
		B7F4134A1AC5DB15003D8474 /* ThumbUp.png in Resources */ = {isa = PBXBuildFile; fileRef = B7F413481AC5DB15003D8474 /* ThumbUp.png */; };
		B7F4134E1AC5DD62003D8474 /* Blue-square.jpg in Resources */ = {isa = PBXBuildFile; fileRef = B7F4134B1AC5DD62003D8474 /* Blue-square.jpg */; };
		B7F4134F1AC5DD62003D8474 /* purple-square.png in Resources */ = {isa = PBXBuildFile; fileRef = B7F4134C1AC5DD62003D8474 /* purple-square.png */; };
		B7F413501AC5DD62003D8474 /* Red-Square.gif in Resources */ = {isa = PBXBuildFile; fileRef = B7F4134D1AC5DD62003D8474 /* Red-Square.gif */; };
		B7FCAD1D1AB35082002DB207 /* Foundation.framework in Frameworks */ = {isa = PBXBuildFile; fileRef = B7FCAD1C1AB35082002DB207 /* Foundation.framework */; };
		B7FCAD1F1AB35082002DB207 /* CoreGraphics.framework in Frameworks */ = {isa = PBXBuildFile; fileRef = B7FCAD1E1AB35082002DB207 /* CoreGraphics.framework */; };
		B7FCAD211AB35082002DB207 /* UIKit.framework in Frameworks */ = {isa = PBXBuildFile; fileRef = B7FCAD201AB35082002DB207 /* UIKit.framework */; };
		B7FCAD271AB35082002DB207 /* InfoPlist.strings in Resources */ = {isa = PBXBuildFile; fileRef = B7FCAD251AB35082002DB207 /* InfoPlist.strings */; };
		B7FCAD291AB35082002DB207 /* main.m in Sources */ = {isa = PBXBuildFile; fileRef = B7FCAD281AB35082002DB207 /* main.m */; };
		B7FCAD2D1AB35082002DB207 /* AppDelegate.m in Sources */ = {isa = PBXBuildFile; fileRef = B7FCAD2C1AB35082002DB207 /* AppDelegate.m */; };
		B7FCAD301AB35082002DB207 /* Main.storyboard in Resources */ = {isa = PBXBuildFile; fileRef = B7FCAD2E1AB35082002DB207 /* Main.storyboard */; };
		B7FCAD331AB35082002DB207 /* ViewController.m in Sources */ = {isa = PBXBuildFile; fileRef = B7FCAD321AB35082002DB207 /* ViewController.m */; };
		B7FCAD351AB35082002DB207 /* Images.xcassets in Resources */ = {isa = PBXBuildFile; fileRef = B7FCAD341AB35082002DB207 /* Images.xcassets */; };
		B7FCAD3C1AB35082002DB207 /* XCTest.framework in Frameworks */ = {isa = PBXBuildFile; fileRef = B7FCAD3B1AB35082002DB207 /* XCTest.framework */; };
		B7FCAD3D1AB35082002DB207 /* Foundation.framework in Frameworks */ = {isa = PBXBuildFile; fileRef = B7FCAD1C1AB35082002DB207 /* Foundation.framework */; };
		B7FCAD3E1AB35082002DB207 /* UIKit.framework in Frameworks */ = {isa = PBXBuildFile; fileRef = B7FCAD201AB35082002DB207 /* UIKit.framework */; };
		B7FCAD461AB35082002DB207 /* InfoPlist.strings in Resources */ = {isa = PBXBuildFile; fileRef = B7FCAD441AB35082002DB207 /* InfoPlist.strings */; };
		B7FCAD481AB35082002DB207 /* SamEsseryLeftRightSwipeMar13Tests.m in Sources */ = {isa = PBXBuildFile; fileRef = B7FCAD471AB35082002DB207 /* SamEsseryLeftRightSwipeMar13Tests.m */; };
		B7FCAD531AB3529B002DB207 /* Model.m in Sources */ = {isa = PBXBuildFile; fileRef = B7FCAD521AB3529B002DB207 /* Model.m */; };
		B7FCAD561AB352D1002DB207 /* CourseClass.m in Sources */ = {isa = PBXBuildFile; fileRef = B7FCAD551AB352D1002DB207 /* CourseClass.m */; };
/* End PBXBuildFile section */

/* Begin PBXContainerItemProxy section */
		B7FCAD3F1AB35082002DB207 /* PBXContainerItemProxy */ = {
			isa = PBXContainerItemProxy;
			containerPortal = B7FCAD111AB35082002DB207 /* Project object */;
			proxyType = 1;
			remoteGlobalIDString = B7FCAD181AB35082002DB207;
			remoteInfo = SamEsseryLeftRightSwipeMar13;
		};
/* End PBXContainerItemProxy section */

/* Begin PBXFileReference section */
		B728368B1AC9BC63002E106D /* ViewController2.h */ = {isa = PBXFileReference; fileEncoding = 4; lastKnownFileType = sourcecode.c.h; path = ViewController2.h; sourceTree = "<group>"; };
		B728368C1AC9BC63002E106D /* ViewController2.m */ = {isa = PBXFileReference; fileEncoding = 4; lastKnownFileType = sourcecode.c.objc; path = ViewController2.m; sourceTree = "<group>"; };
		B7F413441AC5D5A3003D8474 /* TableViewController.h */ = {isa = PBXFileReference; fileEncoding = 4; lastKnownFileType = sourcecode.c.h; path = TableViewController.h; sourceTree = "<group>"; };
		B7F413451AC5D5A3003D8474 /* TableViewController.m */ = {isa = PBXFileReference; fileEncoding = 4; lastKnownFileType = sourcecode.c.objc; path = TableViewController.m; sourceTree = "<group>"; };
		B7F413471AC5DB15003D8474 /* ThumbDown.jpg */ = {isa = PBXFileReference; lastKnownFileType = image.jpeg; path = ThumbDown.jpg; sourceTree = "<group>"; };
		B7F413481AC5DB15003D8474 /* ThumbUp.png */ = {isa = PBXFileReference; lastKnownFileType = image.png; path = ThumbUp.png; sourceTree = "<group>"; };
		B7F4134B1AC5DD62003D8474 /* Blue-square.jpg */ = {isa = PBXFileReference; lastKnownFileType = image.jpeg; path = "Blue-square.jpg"; sourceTree = "<group>"; };
		B7F4134C1AC5DD62003D8474 /* purple-square.png */ = {isa = PBXFileReference; lastKnownFileType = image.png; path = "purple-square.png"; sourceTree = "<group>"; };
		B7F4134D1AC5DD62003D8474 /* Red-Square.gif */ = {isa = PBXFileReference; lastKnownFileType = image.gif; path = "Red-Square.gif"; sourceTree = "<group>"; };
		B7FCAD191AB35082002DB207 /* SamEsseryLeftRightSwipe.app */ = {isa = PBXFileReference; explicitFileType = wrapper.application; includeInIndex = 0; path = SamEsseryLeftRightSwipe.app; sourceTree = BUILT_PRODUCTS_DIR; };
		B7FCAD1C1AB35082002DB207 /* Foundation.framework */ = {isa = PBXFileReference; lastKnownFileType = wrapper.framework; name = Foundation.framework; path = System/Library/Frameworks/Foundation.framework; sourceTree = SDKROOT; };
		B7FCAD1E1AB35082002DB207 /* CoreGraphics.framework */ = {isa = PBXFileReference; lastKnownFileType = wrapper.framework; name = CoreGraphics.framework; path = System/Library/Frameworks/CoreGraphics.framework; sourceTree = SDKROOT; };
		B7FCAD201AB35082002DB207 /* UIKit.framework */ = {isa = PBXFileReference; lastKnownFileType = wrapper.framework; name = UIKit.framework; path = System/Library/Frameworks/UIKit.framework; sourceTree = SDKROOT; };
		B7FCAD241AB35082002DB207 /* SamEsseryLeftRightSwipe-Info.plist */ = {isa = PBXFileReference; lastKnownFileType = text.plist.xml; path = "SamEsseryLeftRightSwipe-Info.plist"; sourceTree = "<group>"; };
		B7FCAD261AB35082002DB207 /* en */ = {isa = PBXFileReference; lastKnownFileType = text.plist.strings; name = en; path = en.lproj/InfoPlist.strings; sourceTree = "<group>"; };
		B7FCAD281AB35082002DB207 /* main.m */ = {isa = PBXFileReference; lastKnownFileType = sourcecode.c.objc; path = main.m; sourceTree = "<group>"; };
		B7FCAD2A1AB35082002DB207 /* SamEsseryLeftRightSwipeMar13-Prefix.pch */ = {isa = PBXFileReference; lastKnownFileType = sourcecode.c.h; path = "SamEsseryLeftRightSwipeMar13-Prefix.pch"; sourceTree = "<group>"; };
		B7FCAD2B1AB35082002DB207 /* AppDelegate.h */ = {isa = PBXFileReference; lastKnownFileType = sourcecode.c.h; path = AppDelegate.h; sourceTree = "<group>"; };
		B7FCAD2C1AB35082002DB207 /* AppDelegate.m */ = {isa = PBXFileReference; lastKnownFileType = sourcecode.c.objc; path = AppDelegate.m; sourceTree = "<group>"; };
		B7FCAD2F1AB35082002DB207 /* Base */ = {isa = PBXFileReference; lastKnownFileType = file.storyboard; name = Base; path = Base.lproj/Main.storyboard; sourceTree = "<group>"; };
		B7FCAD311AB35082002DB207 /* ViewController.h */ = {isa = PBXFileReference; lastKnownFileType = sourcecode.c.h; path = ViewController.h; sourceTree = "<group>"; };
		B7FCAD321AB35082002DB207 /* ViewController.m */ = {isa = PBXFileReference; lastKnownFileType = sourcecode.c.objc; path = ViewController.m; sourceTree = "<group>"; };
		B7FCAD341AB35082002DB207 /* Images.xcassets */ = {isa = PBXFileReference; lastKnownFileType = folder.assetcatalog; path = Images.xcassets; sourceTree = "<group>"; };
		B7FCAD3A1AB35082002DB207 /* SamEsseryLeftRightSwipeTests.xctest */ = {isa = PBXFileReference; explicitFileType = wrapper.cfbundle; includeInIndex = 0; path = SamEsseryLeftRightSwipeTests.xctest; sourceTree = BUILT_PRODUCTS_DIR; };
		B7FCAD3B1AB35082002DB207 /* XCTest.framework */ = {isa = PBXFileReference; lastKnownFileType = wrapper.framework; name = XCTest.framework; path = Library/Frameworks/XCTest.framework; sourceTree = DEVELOPER_DIR; };
		B7FCAD431AB35082002DB207 /* SamEsseryLeftRightSwipeMar13Tests-Info.plist */ = {isa = PBXFileReference; lastKnownFileType = text.plist.xml; path = "SamEsseryLeftRightSwipeMar13Tests-Info.plist"; sourceTree = "<group>"; };
		B7FCAD451AB35082002DB207 /* en */ = {isa = PBXFileReference; lastKnownFileType = text.plist.strings; name = en; path = en.lproj/InfoPlist.strings; sourceTree = "<group>"; };
		B7FCAD471AB35082002DB207 /* SamEsseryLeftRightSwipeMar13Tests.m */ = {isa = PBXFileReference; lastKnownFileType = sourcecode.c.objc; path = SamEsseryLeftRightSwipeMar13Tests.m; sourceTree = "<group>"; };
		B7FCAD511AB3529B002DB207 /* Model.h */ = {isa = PBXFileReference; fileEncoding = 4; lastKnownFileType = sourcecode.c.h; name = Model.h; path = SamEsseryLeftRightSwipeMar13/Model.h; sourceTree = "<group>"; };
		B7FCAD521AB3529B002DB207 /* Model.m */ = {isa = PBXFileReference; fileEncoding = 4; lastKnownFileType = sourcecode.c.objc; name = Model.m; path = SamEsseryLeftRightSwipeMar13/Model.m; sourceTree = "<group>"; };
		B7FCAD541AB352D1002DB207 /* CourseClass.h */ = {isa = PBXFileReference; fileEncoding = 4; lastKnownFileType = sourcecode.c.h; path = CourseClass.h; sourceTree = "<group>"; };
		B7FCAD551AB352D1002DB207 /* CourseClass.m */ = {isa = PBXFileReference; fileEncoding = 4; lastKnownFileType = sourcecode.c.objc; path = CourseClass.m; sourceTree = "<group>"; };
/* End PBXFileReference section */

/* Begin PBXFrameworksBuildPhase section */
		B7FCAD161AB35082002DB207 /* Frameworks */ = {
			isa = PBXFrameworksBuildPhase;
			buildActionMask = 2147483647;
			files = (
				B7FCAD1F1AB35082002DB207 /* CoreGraphics.framework in Frameworks */,
				B7FCAD211AB35082002DB207 /* UIKit.framework in Frameworks */,
				B7FCAD1D1AB35082002DB207 /* Foundation.framework in Frameworks */,
			);
			runOnlyForDeploymentPostprocessing = 0;
		};
		B7FCAD371AB35082002DB207 /* Frameworks */ = {
			isa = PBXFrameworksBuildPhase;
			buildActionMask = 2147483647;
			files = (
				B7FCAD3C1AB35082002DB207 /* XCTest.framework in Frameworks */,
				B7FCAD3E1AB35082002DB207 /* UIKit.framework in Frameworks */,
				B7FCAD3D1AB35082002DB207 /* Foundation.framework in Frameworks */,
			);
			runOnlyForDeploymentPostprocessing = 0;
		};
/* End PBXFrameworksBuildPhase section */

/* Begin PBXGroup section */
		B7FCAD101AB35082002DB207 = {
			isa = PBXGroup;
			children = (
				B7FCAD511AB3529B002DB207 /* Model.h */,
				B7FCAD521AB3529B002DB207 /* Model.m */,
				B7FCAD541AB352D1002DB207 /* CourseClass.h */,
				B7FCAD551AB352D1002DB207 /* CourseClass.m */,
				B7FCAD221AB35082002DB207 /* SamEsseryLeftRightSwipe */,
				B7FCAD411AB35082002DB207 /* SamEsseryLeftRightSwipeTests */,
				B7FCAD1B1AB35082002DB207 /* Frameworks */,
				B7FCAD1A1AB35082002DB207 /* Products */,
			);
			sourceTree = "<group>";
		};
		B7FCAD1A1AB35082002DB207 /* Products */ = {
			isa = PBXGroup;
			children = (
				B7FCAD191AB35082002DB207 /* SamEsseryLeftRightSwipe.app */,
				B7FCAD3A1AB35082002DB207 /* SamEsseryLeftRightSwipeTests.xctest */,
			);
			name = Products;
			sourceTree = "<group>";
		};
		B7FCAD1B1AB35082002DB207 /* Frameworks */ = {
			isa = PBXGroup;
			children = (
				B7FCAD1C1AB35082002DB207 /* Foundation.framework */,
				B7FCAD1E1AB35082002DB207 /* CoreGraphics.framework */,
				B7FCAD201AB35082002DB207 /* UIKit.framework */,
				B7FCAD3B1AB35082002DB207 /* XCTest.framework */,
			);
			name = Frameworks;
			sourceTree = "<group>";
		};
		B7FCAD221AB35082002DB207 /* SamEsseryLeftRightSwipe */ = {
			isa = PBXGroup;
			children = (
				B7FCAD2B1AB35082002DB207 /* AppDelegate.h */,
				B7FCAD2C1AB35082002DB207 /* AppDelegate.m */,
				B7FCAD2E1AB35082002DB207 /* Main.storyboard */,
				B728368B1AC9BC63002E106D /* ViewController2.h */,
				B728368C1AC9BC63002E106D /* ViewController2.m */,
				B7F413441AC5D5A3003D8474 /* TableViewController.h */,
				B7F413451AC5D5A3003D8474 /* TableViewController.m */,
				B7FCAD311AB35082002DB207 /* ViewController.h */,
				B7FCAD321AB35082002DB207 /* ViewController.m */,
				B7FCAD341AB35082002DB207 /* Images.xcassets */,
				B7FCAD231AB35082002DB207 /* Supporting Files */,
			);
			name = SamEsseryLeftRightSwipe;
			path = SamEsseryLeftRightSwipeMar13;
			sourceTree = "<group>";
		};
		B7FCAD231AB35082002DB207 /* Supporting Files */ = {
			isa = PBXGroup;
			children = (
				B7F4134B1AC5DD62003D8474 /* Blue-square.jpg */,
				B7F4134C1AC5DD62003D8474 /* purple-square.png */,
				B7F4134D1AC5DD62003D8474 /* Red-Square.gif */,
				B7F413471AC5DB15003D8474 /* ThumbDown.jpg */,
				B7F413481AC5DB15003D8474 /* ThumbUp.png */,
				B7FCAD241AB35082002DB207 /* SamEsseryLeftRightSwipe-Info.plist */,
				B7FCAD251AB35082002DB207 /* InfoPlist.strings */,
				B7FCAD281AB35082002DB207 /* main.m */,
				B7FCAD2A1AB35082002DB207 /* SamEsseryLeftRightSwipeMar13-Prefix.pch */,
			);
			name = "Supporting Files";
			sourceTree = "<group>";
		};
		B7FCAD411AB35082002DB207 /* SamEsseryLeftRightSwipeTests */ = {
			isa = PBXGroup;
			children = (
				B7FCAD471AB35082002DB207 /* SamEsseryLeftRightSwipeMar13Tests.m */,
				B7FCAD421AB35082002DB207 /* Supporting Files */,
			);
			name = SamEsseryLeftRightSwipeTests;
			path = SamEsseryLeftRightSwipeMar13Tests;
			sourceTree = "<group>";
		};
		B7FCAD421AB35082002DB207 /* Supporting Files */ = {
			isa = PBXGroup;
			children = (
				B7FCAD431AB35082002DB207 /* SamEsseryLeftRightSwipeMar13Tests-Info.plist */,
				B7FCAD441AB35082002DB207 /* InfoPlist.strings */,
			);
			name = "Supporting Files";
			sourceTree = "<group>";
		};
/* End PBXGroup section */

/* Begin PBXNativeTarget section */
		B7FCAD181AB35082002DB207 /* SamEsseryLeftRightSwipe */ = {
			isa = PBXNativeTarget;
			buildConfigurationList = B7FCAD4B1AB35082002DB207 /* Build configuration list for PBXNativeTarget "SamEsseryLeftRightSwipe" */;
			buildPhases = (
				B7FCAD151AB35082002DB207 /* Sources */,
				B7FCAD161AB35082002DB207 /* Frameworks */,
				B7FCAD171AB35082002DB207 /* Resources */,
			);
			buildRules = (
			);
			dependencies = (
			);
			name = SamEsseryLeftRightSwipe;
			productName = SamEsseryLeftRightSwipeMar13;
			productReference = B7FCAD191AB35082002DB207 /* SamEsseryLeftRightSwipe.app */;
			productType = "com.apple.product-type.application";
		};
		B7FCAD391AB35082002DB207 /* SamEsseryLeftRightSwipeTests */ = {
			isa = PBXNativeTarget;
			buildConfigurationList = B7FCAD4E1AB35082002DB207 /* Build configuration list for PBXNativeTarget "SamEsseryLeftRightSwipeTests" */;
			buildPhases = (
				B7FCAD361AB35082002DB207 /* Sources */,
				B7FCAD371AB35082002DB207 /* Frameworks */,
				B7FCAD381AB35082002DB207 /* Resources */,
			);
			buildRules = (
			);
			dependencies = (
				B7FCAD401AB35082002DB207 /* PBXTargetDependency */,
			);
			name = SamEsseryLeftRightSwipeTests;
			productName = SamEsseryLeftRightSwipeMar13Tests;
			productReference = B7FCAD3A1AB35082002DB207 /* SamEsseryLeftRightSwipeTests.xctest */;
			productType = "com.apple.product-type.bundle.unit-test";
		};
/* End PBXNativeTarget section */

/* Begin PBXProject section */
		B7FCAD111AB35082002DB207 /* Project object */ = {
			isa = PBXProject;
			attributes = {
				LastUpgradeCheck = 0510;
				ORGANIZATIONNAME = "___FULLUSERNAME___";
				TargetAttributes = {
					B7FCAD391AB35082002DB207 = {
						TestTargetID = B7FCAD181AB35082002DB207;
					};
				};
			};
			buildConfigurationList = B7FCAD141AB35082002DB207 /* Build configuration list for PBXProject "SamEsseryLeftRightSwipe" */;
			compatibilityVersion = "Xcode 3.2";
			developmentRegion = English;
			hasScannedForEncodings = 0;
			knownRegions = (
				en,
				Base,
			);
			mainGroup = B7FCAD101AB35082002DB207;
			productRefGroup = B7FCAD1A1AB35082002DB207 /* Products */;
			projectDirPath = "";
			projectRoot = "";
			targets = (
				B7FCAD181AB35082002DB207 /* SamEsseryLeftRightSwipe */,
				B7FCAD391AB35082002DB207 /* SamEsseryLeftRightSwipeTests */,
			);
		};
/* End PBXProject section */

/* Begin PBXResourcesBuildPhase section */
		B7FCAD171AB35082002DB207 /* Resources */ = {
			isa = PBXResourcesBuildPhase;
			buildActionMask = 2147483647;
			files = (
				B7F413491AC5DB15003D8474 /* ThumbDown.jpg in Resources */,
				B7FCAD351AB35082002DB207 /* Images.xcassets in Resources */,
				B7F4134F1AC5DD62003D8474 /* purple-square.png in Resources */,
				B7F413501AC5DD62003D8474 /* Red-Square.gif in Resources */,
				B7F4134E1AC5DD62003D8474 /* Blue-square.jpg in Resources */,
				B7FCAD271AB35082002DB207 /* InfoPlist.strings in Resources */,
				B7FCAD301AB35082002DB207 /* Main.storyboard in Resources */,
				B7F4134A1AC5DB15003D8474 /* ThumbUp.png in Resources */,
			);
			runOnlyForDeploymentPostprocessing = 0;
		};
		B7FCAD381AB35082002DB207 /* Resources */ = {
			isa = PBXResourcesBuildPhase;
			buildActionMask = 2147483647;
			files = (
				B7FCAD461AB35082002DB207 /* InfoPlist.strings in Resources */,
			);
			runOnlyForDeploymentPostprocessing = 0;
		};
/* End PBXResourcesBuildPhase section */

/* Begin PBXSourcesBuildPhase section */
		B7FCAD151AB35082002DB207 /* Sources */ = {
			isa = PBXSourcesBuildPhase;
			buildActionMask = 2147483647;
			files = (
				B728368D1AC9BC63002E106D /* ViewController2.m in Sources */,
				B7FCAD331AB35082002DB207 /* ViewController.m in Sources */,
				B7FCAD2D1AB35082002DB207 /* AppDelegate.m in Sources */,
				B7FCAD291AB35082002DB207 /* main.m in Sources */,
				B7FCAD561AB352D1002DB207 /* CourseClass.m in Sources */,
				B7F413461AC5D5A3003D8474 /* TableViewController.m in Sources */,
				B7FCAD531AB3529B002DB207 /* Model.m in Sources */,
			);
			runOnlyForDeploymentPostprocessing = 0;
		};
		B7FCAD361AB35082002DB207 /* Sources */ = {
			isa = PBXSourcesBuildPhase;
			buildActionMask = 2147483647;
			files = (
				B7FCAD481AB35082002DB207 /* SamEsseryLeftRightSwipeMar13Tests.m in Sources */,
			);
			runOnlyForDeploymentPostprocessing = 0;
		};
/* End PBXSourcesBuildPhase section */

/* Begin PBXTargetDependency section */
		B7FCAD401AB35082002DB207 /* PBXTargetDependency */ = {
			isa = PBXTargetDependency;
			target = B7FCAD181AB35082002DB207 /* SamEsseryLeftRightSwipe */;
			targetProxy = B7FCAD3F1AB35082002DB207 /* PBXContainerItemProxy */;
		};
/* End PBXTargetDependency section */

/* Begin PBXVariantGroup section */
		B7FCAD251AB35082002DB207 /* InfoPlist.strings */ = {
			isa = PBXVariantGroup;
			children = (
				B7FCAD261AB35082002DB207 /* en */,
			);
			name = InfoPlist.strings;
			sourceTree = "<group>";
		};
		B7FCAD2E1AB35082002DB207 /* Main.storyboard */ = {
			isa = PBXVariantGroup;
			children = (
				B7FCAD2F1AB35082002DB207 /* Base */,
			);
			name = Main.storyboard;
			sourceTree = "<group>";
		};
		B7FCAD441AB35082002DB207 /* InfoPlist.strings */ = {
			isa = PBXVariantGroup;
			children = (
				B7FCAD451AB35082002DB207 /* en */,
			);
			name = InfoPlist.strings;
			sourceTree = "<group>";
		};
/* End PBXVariantGroup section */

/* Begin XCBuildConfiguration section */
		B7FCAD491AB35082002DB207 /* Debug */ = {
			isa = XCBuildConfiguration;
			buildSettings = {
				ALWAYS_SEARCH_USER_PATHS = NO;
				CLANG_CXX_LANGUAGE_STANDARD = "gnu++0x";
				CLANG_CXX_LIBRARY = "libc++";
				CLANG_ENABLE_MODULES = YES;
				CLANG_ENABLE_OBJC_ARC = YES;
				CLANG_WARN_BOOL_CONVERSION = YES;
				CLANG_WARN_CONSTANT_CONVERSION = YES;
				CLANG_WARN_DIRECT_OBJC_ISA_USAGE = YES_ERROR;
				CLANG_WARN_EMPTY_BODY = YES;
				CLANG_WARN_ENUM_CONVERSION = YES;
				CLANG_WARN_INT_CONVERSION = YES;
				CLANG_WARN_OBJC_ROOT_CLASS = YES_ERROR;
				CLANG_WARN__DUPLICATE_METHOD_MATCH = YES;
				"CODE_SIGN_IDENTITY[sdk=iphoneos*]" = "iPhone Developer";
				COPY_PHASE_STRIP = NO;
				GCC_C_LANGUAGE_STANDARD = gnu99;
				GCC_DYNAMIC_NO_PIC = NO;
				GCC_OPTIMIZATION_LEVEL = 0;
				GCC_PREPROCESSOR_DEFINITIONS = (
					"DEBUG=1",
					"$(inherited)",
				);
				GCC_SYMBOLS_PRIVATE_EXTERN = NO;
				GCC_WARN_64_TO_32_BIT_CONVERSION = YES;
				GCC_WARN_ABOUT_RETURN_TYPE = YES_ERROR;
				GCC_WARN_UNDECLARED_SELECTOR = YES;
				GCC_WARN_UNINITIALIZED_AUTOS = YES_AGGRESSIVE;
				GCC_WARN_UNUSED_FUNCTION = YES;
				GCC_WARN_UNUSED_VARIABLE = YES;
				IPHONEOS_DEPLOYMENT_TARGET = 7.1;
				ONLY_ACTIVE_ARCH = YES;
				SDKROOT = iphoneos;
			};
			name = Debug;
		};
		B7FCAD4A1AB35082002DB207 /* Release */ = {
			isa = XCBuildConfiguration;
			buildSettings = {
				ALWAYS_SEARCH_USER_PATHS = NO;
				CLANG_CXX_LANGUAGE_STANDARD = "gnu++0x";
				CLANG_CXX_LIBRARY = "libc++";
				CLANG_ENABLE_MODULES = YES;
				CLANG_ENABLE_OBJC_ARC = YES;
				CLANG_WARN_BOOL_CONVERSION = YES;
				CLANG_WARN_CONSTANT_CONVERSION = YES;
				CLANG_WARN_DIRECT_OBJC_ISA_USAGE = YES_ERROR;
				CLANG_WARN_EMPTY_BODY = YES;
				CLANG_WARN_ENUM_CONVERSION = YES;
				CLANG_WARN_INT_CONVERSION = YES;
				CLANG_WARN_OBJC_ROOT_CLASS = YES_ERROR;
				CLANG_WARN__DUPLICATE_METHOD_MATCH = YES;
				"CODE_SIGN_IDENTITY[sdk=iphoneos*]" = "iPhone Developer";
				COPY_PHASE_STRIP = YES;
				ENABLE_NS_ASSERTIONS = NO;
				GCC_C_LANGUAGE_STANDARD = gnu99;
				GCC_WARN_64_TO_32_BIT_CONVERSION = YES;
				GCC_WARN_ABOUT_RETURN_TYPE = YES_ERROR;
				GCC_WARN_UNDECLARED_SELECTOR = YES;
				GCC_WARN_UNINITIALIZED_AUTOS = YES_AGGRESSIVE;
				GCC_WARN_UNUSED_FUNCTION = YES;
				GCC_WARN_UNUSED_VARIABLE = YES;
				IPHONEOS_DEPLOYMENT_TARGET = 7.1;
				SDKROOT = iphoneos;
				VALIDATE_PRODUCT = YES;
			};
			name = Release;
		};
		B7FCAD4C1AB35082002DB207 /* Debug */ = {
			isa = XCBuildConfiguration;
			buildSettings = {
				ASSETCATALOG_COMPILER_APPICON_NAME = AppIcon;
				ASSETCATALOG_COMPILER_LAUNCHIMAGE_NAME = LaunchImage;
				GCC_PRECOMPILE_PREFIX_HEADER = YES;
				GCC_PREFIX_HEADER = "SamEsseryLeftRightSwipeMar13/SamEsseryLeftRightSwipe-Prefix.pch";
				INFOPLIST_FILE = "SamEsseryLeftRightSwipeMar13/SamEsseryLeftRightSwipe-Info.plist";
				PRODUCT_NAME = SamEsseryLeftRightSwipe;
				WRAPPER_EXTENSION = app;
			};
			name = Debug;
		};
		B7FCAD4D1AB35082002DB207 /* Release */ = {
			isa = XCBuildConfiguration;
			buildSettings = {
				ASSETCATALOG_COMPILER_APPICON_NAME = AppIcon;
				ASSETCATALOG_COMPILER_LAUNCHIMAGE_NAME = LaunchImage;
				GCC_PRECOMPILE_PREFIX_HEADER = YES;
				GCC_PREFIX_HEADER = "SamEsseryLeftRightSwipeMar13/SamEsseryLeftRightSwipe-Prefix.pch";
				INFOPLIST_FILE = "SamEsseryLeftRightSwipeMar13/SamEsseryLeftRightSwipe-Info.plist";
				PRODUCT_NAME = SamEsseryLeftRightSwipe;
				WRAPPER_EXTENSION = app;
			};
			name = Release;
		};
		B7FCAD4F1AB35082002DB207 /* Debug */ = {
			isa = XCBuildConfiguration;
			buildSettings = {
				BUNDLE_LOADER = "$(BUILT_PRODUCTS_DIR)/SamEsseryLeftRightSwipeMar13.app/SamEsseryLeftRightSwipeMar13";
				FRAMEWORK_SEARCH_PATHS = (
					"$(SDKROOT)/Developer/Library/Frameworks",
					"$(inherited)",
					"$(DEVELOPER_FRAMEWORKS_DIR)",
				);
				GCC_PRECOMPILE_PREFIX_HEADER = YES;
				GCC_PREFIX_HEADER = "SamEsseryLeftRightSwipeMar13/SamEsseryLeftRightSwipeMar13-Prefix.pch";
				GCC_PREPROCESSOR_DEFINITIONS = (
					"DEBUG=1",
					"$(inherited)",
				);
				INFOPLIST_FILE = "SamEsseryLeftRightSwipeMar13Tests/SamEsseryLeftRightSwipeMar13Tests-Info.plist";
				PRODUCT_NAME = SamEsseryLeftRightSwipeTests;
				TEST_HOST = "$(BUNDLE_LOADER)";
				WRAPPER_EXTENSION = xctest;
			};
			name = Debug;
		};
		B7FCAD501AB35082002DB207 /* Release */ = {
			isa = XCBuildConfiguration;
			buildSettings = {
				BUNDLE_LOADER = "$(BUILT_PRODUCTS_DIR)/SamEsseryLeftRightSwipeMar13.app/SamEsseryLeftRightSwipeMar13";
				FRAMEWORK_SEARCH_PATHS = (
					"$(SDKROOT)/Developer/Library/Frameworks",
					"$(inherited)",
					"$(DEVELOPER_FRAMEWORKS_DIR)",
				);
				GCC_PRECOMPILE_PREFIX_HEADER = YES;
				GCC_PREFIX_HEADER = "SamEsseryLeftRightSwipeMar13/SamEsseryLeftRightSwipeMar13-Prefix.pch";
				INFOPLIST_FILE = "SamEsseryLeftRightSwipeMar13Tests/SamEsseryLeftRightSwipeMar13Tests-Info.plist";
				PRODUCT_NAME = SamEsseryLeftRightSwipeTests;
				TEST_HOST = "$(BUNDLE_LOADER)";
				WRAPPER_EXTENSION = xctest;
			};
			name = Release;
		};
/* End XCBuildConfiguration section */

/* Begin XCConfigurationList section */
		B7FCAD141AB35082002DB207 /* Build configuration list for PBXProject "SamEsseryLeftRightSwipe" */ = {
			isa = XCConfigurationList;
			buildConfigurations = (
				B7FCAD491AB35082002DB207 /* Debug */,
				B7FCAD4A1AB35082002DB207 /* Release */,
			);
			defaultConfigurationIsVisible = 0;
			defaultConfigurationName = Release;
		};
		B7FCAD4B1AB35082002DB207 /* Build configuration list for PBXNativeTarget "SamEsseryLeftRightSwipe" */ = {
			isa = XCConfigurationList;
			buildConfigurations = (
				B7FCAD4C1AB35082002DB207 /* Debug */,
				B7FCAD4D1AB35082002DB207 /* Release */,
			);
			defaultConfigurationIsVisible = 0;
			defaultConfigurationName = Release;
		};
		B7FCAD4E1AB35082002DB207 /* Build configuration list for PBXNativeTarget "SamEsseryLeftRightSwipeTests" */ = {
			isa = XCConfigurationList;
			buildConfigurations = (
				B7FCAD4F1AB35082002DB207 /* Debug */,
				B7FCAD501AB35082002DB207 /* Release */,
			);
			defaultConfigurationIsVisible = 0;
			defaultConfigurationName = Release;
		};
/* End XCConfigurationList section */
	};
	rootObject = B7FCAD111AB35082002DB207 /* Project object */;
}
